
Microsoft Visual Studio Solution File, Format Version 12.00
# Visual Studio Version 17
VisualStudioVersion = 17.8.34408.163
MinimumVisualStudioVersion = 10.0.40219.1
Project("{FAE04EC0-301F-11D3-BF4B-00C04F79EFBC}") = "BTLINQ", "BTLINQ\BTLINQ.csproj", "{E2B064EE-016F-4FD4-A379-2B6B6C05EADB}"
EndProject
Global
	GlobalSection(SolutionConfigurationPlatforms) = preSolution
		Debug|Any CPU = Debug|Any CPU
		Release|Any CPU = Release|Any CPU
	EndGlobalSection
	GlobalSection(ProjectConfigurationPlatforms) = postSolution
		{E2B064EE-016F-4FD4-A379-2B6B6C05EADB}.Debug|Any CPU.ActiveCfg = Debug|Any CPU
		{E2B064EE-016F-4FD4-A379-2B6B6C05EADB}.Debug|Any CPU.Build.0 = Debug|Any CPU
		{E2B064EE-016F-4FD4-A379-2B6B6C05EADB}.Release|Any CPU.ActiveCfg = Release|Any CPU
		{E2B064EE-016F-4FD4-A379-2B6B6C05EADB}.Release|Any CPU.Build.0 = Release|Any CPU
	EndGlobalSection
	GlobalSection(SolutionProperties) = preSolution
		HideSolutionNode = FALSE
	EndGlobalSection
	GlobalSection(ExtensibilityGlobals) = postSolution
		SolutionGuid = {AB3566D5-6039-4C0C-8F88-890A55DBB4DF}
	EndGlobalSection
EndGlobal
